
Microsoft Visual Studio Solution File, Format Version 12.00
# Visual Studio Version 16
VisualStudioVersion = 16.0.31624.102
MinimumVisualStudioVersion = 10.0.40219.1
Project("{FAE04EC0-301F-11D3-BF4B-00C04F79EFBC}") = "HealthSystemAPI", "HealthSystemAPI.csproj", "{AED5788A-F257-4BBC-920A-3E6AD30B1252}"
EndProject
Global
	GlobalSection(SolutionConfigurationPlatforms) = preSolution
		Debug|Any CPU = Debug|Any CPU
		Release|Any CPU = Release|Any CPU
	EndGlobalSection
	GlobalSection(ProjectConfigurationPlatforms) = postSolution
		{AED5788A-F257-4BBC-920A-3E6AD30B1252}.Debug|Any CPU.ActiveCfg = Debug|Any CPU
		{AED5788A-F257-4BBC-920A-3E6AD30B1252}.Debug|Any CPU.Build.0 = Debug|Any CPU
		{AED5788A-F257-4BBC-920A-3E6AD30B1252}.Release|Any CPU.ActiveCfg = Release|Any CPU
		{AED5788A-F257-4BBC-920A-3E6AD30B1252}.Release|Any CPU.Build.0 = Release|Any CPU
	EndGlobalSection
	GlobalSection(SolutionProperties) = preSolution
		HideSolutionNode = FALSE
	EndGlobalSection
	GlobalSection(ExtensibilityGlobals) = postSolution
		SolutionGuid = {45ADB02D-4BE1-40D4-99E0-134B2984F059}
	EndGlobalSection
EndGlobal
